<?xml version="1.0" encoding="utf-8"?>
<Project ToolsVersion="4.0" xmlns="http://schemas.microsoft.com/developer/msbuild/2003">
  <ItemGroup>
    <ClCompile Include="src\main.cpp" />
    <ClCompile Include="libs\imgui\imgui.cpp" />
    <ClCompile Include="libs\imgui\imgui_demo.cpp" />
    <ClCompile Include="libs\imgui\imgui_draw.cpp" />
    <ClCompile Include="libs\imgui\imgui_impl_opengl3.cpp" />
    <ClCompile Include="libs\imgui\imgui_impl_sdl2.cpp" />
    <ClCompile Include="libs\imgui\imgui_tables.cpp" />
    <ClCompile Include="libs\imgui\imgui_widgets.cpp" />
    <ClCompile Include="libs\stb_image\stb_image.cpp" />
    <ClCompile Include="src\engine\animationClip.cpp" />
    <ClCompile Include="src\engine\animationController.cpp" />
    <ClCompile Include="src\engine\animatorComponent.cpp" />
    <ClCompile Include="src\engine\assetManager.cpp" />
    <ClCompile Include="src\engine\cameraComponent.cpp" />
    <ClCompile Include="src\engine\component.cpp" />
    <ClCompile Include="src\engine\componentPy.cpp" />
    <ClCompile Include="src\engine\componentVisual.cpp" />
    <ClCompile Include="src\engine\firstPersonController.cpp" />
    <ClCompile Include="src\engine\gameObject.cpp" />
    <ClCompile Include="src\engine\inputHandler.cpp" />
    <ClCompile Include="src\engine\lightComponent.cpp" />
    <ClCompile Include="src\engine\mesh.cpp" />
    <ClCompile Include="src\engine\meshRenderer.cpp" />
    <ClCompile Include="src\engine\model.cpp" />
    <ClCompile Include="src\engine\quat.cpp" />
    <ClCompile Include="src\engine\renderTexture.cpp" />
    <ClCompile Include="src\engine\rigidBodyComponent.cpp" />
    <ClCompile Include="src\engine\scene.cpp" />
    <ClCompile Include="src\engine\serializationHelper.cpp" />
    <ClCompile Include="src\engine\shader.cpp" />
    <ClCompile Include="src\engine\spriteRenderer.cpp" />
    <ClCompile Include="src\engine\texture.cpp" />
    <ClCompile Include="src\engine\transformComponent.cpp" />
    <ClCompile Include="src\engine\vec2.cpp" />
    <ClCompile Include="src\engine\vec3.cpp" />
    <ClCompile Include="src\gui\test.cpp" />
    <ClCompile Include="src\physics\physicsContext.cpp" />
    <ClCompile Include="src\physics\physicsDebugRenderer.cpp" />
    <ClCompile Include="src\physics\physicsEventListener.cpp" />
    <ClCompile Include="src\util\timer.cpp" />
    <ClCompile Include="src\visual\dearImGuiContext.cpp" />
    <ClCompile Include="src\visual\GLContext.cpp" />
    <ClCompile Include="src\visual\windowContext.cpp" />
    <ClCompile Include="src\visual\graphicsContext.cpp" />
  </ItemGroup>
  <ItemGroup>
    <ClInclude Include="libs\imgui\imconfig.h" />
    <ClInclude Include="libs\imgui\imgui.h" />
    <ClInclude Include="libs\imgui\imgui_impl_opengl3.h" />
    <ClInclude Include="libs\imgui\imgui_impl_opengl3_loader.h" />
    <ClInclude Include="libs\imgui\imgui_impl_sdl2.h" />
    <ClInclude Include="libs\imgui\imgui_internal.h" />
    <ClInclude Include="libs\imgui\imstb_rectpack.h" />
    <ClInclude Include="libs\imgui\imstb_textedit.h" />
    <ClInclude Include="libs\imgui\imstb_truetype.h" />
    <ClInclude Include="libs\stb_image\stb_image.h" />
    <ClInclude Include="libs\tinygltf\json.hpp" />
    <ClInclude Include="libs\tinygltf\stb_image.h" />
    <ClInclude Include="libs\tinygltf\stb_image_write.h" />
    <ClInclude Include="libs\tinygltf\tiny_gltf.h" />
    <ClInclude Include="src\engine\animationClip.h" />
    <ClInclude Include="src\engine\animationController.h" />
    <ClInclude Include="src\engine\animatorComponent.h" />
    <ClInclude Include="src\engine\asset.h" />
    <ClInclude Include="src\engine\assetManager.h" />
    <ClInclude Include="src\engine\cameraComponent.h" />
    <ClInclude Include="src\engine\component.h" />
    <ClInclude Include="src\engine\componentPy.h" />
    <ClInclude Include="src\engine\componentVisual.h" />
    <ClInclude Include="src\engine\firstPersonController.h" />
    <ClInclude Include="src\engine\gameObject.h" />
    <ClInclude Include="src\engine\ignisEngineLoop.h" />
    <ClInclude Include="src\engine\inputHandler.h" />
    <ClInclude Include="src\engine\lightComponent.h" />
    <ClInclude Include="src\engine\mat4.h" />
    <ClInclude Include="src\engine\material.h" />
    <ClInclude Include="src\engine\mesh.h" />
    <ClInclude Include="src\engine\meshRenderer.h" />
    <ClInclude Include="src\engine\model.h" />
    <ClInclude Include="src\engine\quat.h" />
    <ClInclude Include="src\engine\renderTexture.h" />
    <ClInclude Include="src\engine\rigidBodyComponent.h" />
    <ClInclude Include="src\engine\scene.h" />
    <ClInclude Include="src\engine\serialization.h" />
    <ClInclude Include="src\engine\serializationHelper.h" />
    <ClInclude Include="src\engine\shader.h" />
    <ClInclude Include="src\engine\sprite.h" />
    <ClInclude Include="src\engine\spriteRenderer.h" />
    <ClInclude Include="src\engine\texture.h" />
    <ClInclude Include="src\engine\transformComponent.h" />
    <ClInclude Include="src\engine\vec2.h" />
    <ClInclude Include="src\engine\vec3.h" />
    <ClInclude Include="src\gui\engineGuiManager.h" />
    <ClInclude Include="src\gui\guiFileSystem.h" />
    <ClInclude Include="src\gui\guiHierarchy.h" />
    <ClInclude Include="src\gui\guiInspector.h" />
    <ClInclude Include="src\gui\guiSceneView.h" />
    <ClInclude Include="src\gui\ignisEngineGui.h" />
    <ClInclude Include="src\gui\imfilebrowser.h" />
    <ClInclude Include="src\physics\physicsContext.h" />
    <ClInclude Include="src\physics\physicsDebugRenderer.h" />
    <ClInclude Include="src\physics\physicsEventListener.h" />
    <ClInclude Include="src\util\randomNumberGenerator.h" />
    <ClInclude Include="src\util\timer.h" />
    <ClInclude Include="src\visual\dearImGuiContext.h" />
    <ClInclude Include="src\visual\GLContext.h" />
    <ClInclude Include="src\visual\windowContext.h" />
    <ClInclude Include="src\visual\shaderSource.h" />
    <ClInclude Include="src\visual\graphicsContext.h" />
  </ItemGroup>
</Project>